
Microsoft Visual Studio Solution File, Format Version 12.00
# Visual Studio 14
VisualStudioVersion = 14.0.24720.0
MinimumVisualStudioVersion = 10.0.40219.1
Project("{FAE04EC0-301F-11D3-BF4B-00C04F79EFBC}") = "MLC.Wms.WebApp", "MLC.Wms.WebApp\MLC.Wms.WebApp.csproj", "{63BE5BCD-4A67-4EB3-9F4D-D1A5A9C59B13}"
	ProjectSection(ProjectDependencies) = postProject
		{2EAC3ADC-E849-426B-B748-17605224AD00} = {2EAC3ADC-E849-426B-B748-17605224AD00}
	EndProjectSection
EndProject
Project("{FAE04EC0-301F-11D3-BF4B-00C04F79EFBC}") = "MLC.Wms.Scheduler", "MLC.Wms.Scheduler\MLC.Wms.Scheduler.csproj", "{4F507416-0D28-481E-9C3E-342B134A85E6}"
EndProject
Project("{FAE04EC0-301F-11D3-BF4B-00C04F79EFBC}") = "MLC.Wms.Model", "MLC.Wms.Model\MLC.Wms.Model.csproj", "{507FBEB6-D020-4775-8040-D155A2BB383E}"
EndProject
Project("{FAE04EC0-301F-11D3-BF4B-00C04F79EFBC}") = "MLC.Wms.Common", "MLC.Wms.Common\MLC.Wms.Common.csproj", "{B8068003-8564-40A7-ABDB-CCB09FC3394E}"
EndProject
Project("{FAE04EC0-301F-11D3-BF4B-00C04F79EFBC}") = "MLC.Wms.Bootstrap", "MLC.Wms.Bootstrap\MLC.Wms.Bootstrap.csproj", "{7329CFC0-D95B-435C-9BF1-BB13C17EAD7D}"
EndProject
Project("{2150E333-8FDC-42A3-9474-1A3956D46DE8}") = "Solution Items", "Solution Items", "{473C6A80-19BF-4E73-A9DB-F186C0363E17}"
	ProjectSection(SolutionItems) = preProject
		BuildCommon.targets = BuildCommon.targets
		PackageVersionList.txt = PackageVersionList.txt
	EndProjectSection
EndProject
Project("{2150E333-8FDC-42A3-9474-1A3956D46DE8}") = "Workflows", "Workflows", "{C6F9E339-5859-4EA8-B62C-6174479889EC}"
EndProject
Project("{FAE04EC0-301F-11D3-BF4B-00C04F79EFBC}") = "MLC.Wms.WF.Activities", "MLC.Wms.WF.Activities\MLC.Wms.WF.Activities.csproj", "{C50E9030-D667-48D4-BEDB-3919719AC793}"
EndProject
Project("{FAE04EC0-301F-11D3-BF4B-00C04F79EFBC}") = "MLC.Wms.Workflows", "MLC.Wms.Workflows\MLC.Wms.Workflows.csproj", "{F5EDE81C-D593-4174-9350-82FE0D860019}"
EndProject
Project("{2150E333-8FDC-42A3-9474-1A3956D46DE8}") = "Integration", "Integration", "{C49B4AB0-560E-4CC5-A48C-1D1EE6FB9A67}"
EndProject
Project("{FAE04EC0-301F-11D3-BF4B-00C04F79EFBC}") = "MLC.Wms.Integration", "MLC.Wms.Integration\MLC.Wms.Integration.csproj", "{2EAC3ADC-E849-426B-B748-17605224AD00}"
EndProject
Project("{FAE04EC0-301F-11D3-BF4B-00C04F79EFBC}") = "MLC.Wms.Integration.Common", "MLC.Wms.Integration.Common\MLC.Wms.Integration.Common.csproj", "{2EE7B6FF-14F2-4059-A026-E49DFC673495}"
EndProject
Project("{2150E333-8FDC-42A3-9474-1A3956D46DE8}") = "Scheduler", "Scheduler", "{792AA2C0-38C4-4D18-BA64-876DB40D7691}"
EndProject
Project("{FAE04EC0-301F-11D3-BF4B-00C04F79EFBC}") = "MLC.Wms.Jobs", "MLC.Wms.Jobs\MLC.Wms.Jobs.csproj", "{2DB31A63-B2A0-4BFE-85A3-EB5776D30CEA}"
EndProject
Project("{FAE04EC0-301F-11D3-BF4B-00C04F79EFBC}") = "MLC.Wms.Jobs.Tests", "MLC.Wms.Jobs.Tests\MLC.Wms.Jobs.Tests.csproj", "{DE159D33-A4CA-41D1-8624-9AE8956D2997}"
EndProject
Project("{FAE04EC0-301F-11D3-BF4B-00C04F79EFBC}") = "MLC.Wms.Model.Tests", "MLC.Wms.Model.Tests\MLC.Wms.Model.Tests.csproj", "{DB6C8537-3E3B-4C6B-AD01-E07E669A2601}"
EndProject
Project("{FAE04EC0-301F-11D3-BF4B-00C04F79EFBC}") = "MLC.Eps", "MLC.Eps\MLC.Eps.csproj", "{B7E04B93-085E-4080-A7F7-97C6FB5AA1C6}"
EndProject
Project("{FAE04EC0-301F-11D3-BF4B-00C04F79EFBC}") = "MLC.Eps.Tests", "MLC.Eps.Tests\MLC.Eps.Tests.csproj", "{6AA4003F-1660-4478-9939-34319E26D812}"
EndProject
Project("{FAE04EC0-301F-11D3-BF4B-00C04F79EFBC}") = "MLC.Wms.Integration.Tests", "MLC.Wms.Integration.Tests\MLC.Wms.Integration.Tests.csproj", "{BD78CD65-3EDF-4C45-B952-D2CFFF54AD79}"
EndProject
Project("{FAE04EC0-301F-11D3-BF4B-00C04F79EFBC}") = "MLC.Wms.Api", "MLC.Wms.Api\MLC.Wms.Api.csproj", "{357B1A72-C059-41D4-997E-803B653249F5}"
EndProject
Project("{FAE04EC0-301F-11D3-BF4B-00C04F79EFBC}") = "MLC.Wms.WF.Activities.Designer", "MLC.Wms.WF.Activities.Designer\MLC.Wms.WF.Activities.Designer.csproj", "{BFFE3FC5-FC68-4CD3-91F3-D311E3770401}"
EndProject
Project("{FAE04EC0-301F-11D3-BF4B-00C04F79EFBC}") = "MLC.Wms.Api.Tests", "MLC.Wms.Api.Tests\MLC.Wms.Api.Tests.csproj", "{8E769358-AFE4-4BBF-89C9-991E6ADC57E3}"
EndProject
Project("{FAE04EC0-301F-11D3-BF4B-00C04F79EFBC}") = "MLC.Wms.IntegrationService.Tests", "MLC.Wms.IntegrationService.Tests\MLC.Wms.IntegrationService.Tests.csproj", "{CAC2670B-99E3-46F7-BECC-70CF4706F469}"
EndProject
Project("{FAE04EC0-301F-11D3-BF4B-00C04F79EFBC}") = "MLC.Wms.Scheduler.Tests", "MLC.Wms.Scheduler.Tests\MLC.Wms.Scheduler.Tests.csproj", "{CF5ECB7E-D17C-4908-9D6F-7D5D27CB6BD2}"
EndProject
Project("{FAE04EC0-301F-11D3-BF4B-00C04F79EFBC}") = "MLC.Eps.WebApi", "MLC.Eps.WebApi\MLC.Eps.WebApi.csproj", "{059B5BBF-B5E4-4422-9307-8DF17B5F2B99}"
EndProject
Project("{2150E333-8FDC-42A3-9474-1A3956D46DE8}") = "Eps", "Eps", "{D2EBF5FB-74DF-40F5-983A-43749EB9A94A}"
EndProject
Project("{FAE04EC0-301F-11D3-BF4B-00C04F79EFBC}") = "MLC.Eps.Server", "MLC.Eps.Server\MLC.Eps.Server.csproj", "{BBDD3C8B-5C44-41E6-8366-A72164B70519}"
EndProject
Global
	GlobalSection(SolutionConfigurationPlatforms) = preSolution
		Debug|Any CPU = Debug|Any CPU
		Deploy-Dev|Any CPU = Deploy-Dev|Any CPU
		Deploy-Prd|Any CPU = Deploy-Prd|Any CPU
		Deploy-Tst|Any CPU = Deploy-Tst|Any CPU
		Deploy-Tst1|Any CPU = Deploy-Tst1|Any CPU
		Local|Any CPU = Local|Any CPU
		Release|Any CPU = Release|Any CPU
	EndGlobalSection
	GlobalSection(ProjectConfigurationPlatforms) = postSolution
		{63BE5BCD-4A67-4EB3-9F4D-D1A5A9C59B13}.Debug|Any CPU.ActiveCfg = Debug|Any CPU
		{63BE5BCD-4A67-4EB3-9F4D-D1A5A9C59B13}.Debug|Any CPU.Build.0 = Debug|Any CPU
		{63BE5BCD-4A67-4EB3-9F4D-D1A5A9C59B13}.Deploy-Dev|Any CPU.ActiveCfg = Deploy-Dev|Any CPU
		{63BE5BCD-4A67-4EB3-9F4D-D1A5A9C59B13}.Deploy-Dev|Any CPU.Build.0 = Deploy-Dev|Any CPU
		{63BE5BCD-4A67-4EB3-9F4D-D1A5A9C59B13}.Deploy-Prd|Any CPU.ActiveCfg = Deploy-Prd|Any CPU
		{63BE5BCD-4A67-4EB3-9F4D-D1A5A9C59B13}.Deploy-Prd|Any CPU.Build.0 = Deploy-Prd|Any CPU
		{63BE5BCD-4A67-4EB3-9F4D-D1A5A9C59B13}.Deploy-Tst|Any CPU.ActiveCfg = Deploy-Tst|Any CPU
		{63BE5BCD-4A67-4EB3-9F4D-D1A5A9C59B13}.Deploy-Tst|Any CPU.Build.0 = Deploy-Tst|Any CPU
		{63BE5BCD-4A67-4EB3-9F4D-D1A5A9C59B13}.Deploy-Tst1|Any CPU.ActiveCfg = Deploy-Tst1|Any CPU
		{63BE5BCD-4A67-4EB3-9F4D-D1A5A9C59B13}.Deploy-Tst1|Any CPU.Build.0 = Deploy-Tst1|Any CPU
		{63BE5BCD-4A67-4EB3-9F4D-D1A5A9C59B13}.Local|Any CPU.ActiveCfg = Local|Any CPU
		{63BE5BCD-4A67-4EB3-9F4D-D1A5A9C59B13}.Local|Any CPU.Build.0 = Local|Any CPU
		{63BE5BCD-4A67-4EB3-9F4D-D1A5A9C59B13}.Release|Any CPU.ActiveCfg = Release|Any CPU
		{63BE5BCD-4A67-4EB3-9F4D-D1A5A9C59B13}.Release|Any CPU.Build.0 = Release|Any CPU
		{4F507416-0D28-481E-9C3E-342B134A85E6}.Debug|Any CPU.ActiveCfg = Debug|Any CPU
		{4F507416-0D28-481E-9C3E-342B134A85E6}.Debug|Any CPU.Build.0 = Debug|Any CPU
		{4F507416-0D28-481E-9C3E-342B134A85E6}.Deploy-Dev|Any CPU.ActiveCfg = Deploy-Dev|Any CPU
		{4F507416-0D28-481E-9C3E-342B134A85E6}.Deploy-Dev|Any CPU.Build.0 = Deploy-Dev|Any CPU
		{4F507416-0D28-481E-9C3E-342B134A85E6}.Deploy-Prd|Any CPU.ActiveCfg = Deploy-Prd|Any CPU
		{4F507416-0D28-481E-9C3E-342B134A85E6}.Deploy-Prd|Any CPU.Build.0 = Deploy-Prd|Any CPU
		{4F507416-0D28-481E-9C3E-342B134A85E6}.Deploy-Tst|Any CPU.ActiveCfg = Deploy-Tst|Any CPU
		{4F507416-0D28-481E-9C3E-342B134A85E6}.Deploy-Tst|Any CPU.Build.0 = Deploy-Tst|Any CPU
		{4F507416-0D28-481E-9C3E-342B134A85E6}.Deploy-Tst1|Any CPU.ActiveCfg = Deploy-Tst1|Any CPU
		{4F507416-0D28-481E-9C3E-342B134A85E6}.Deploy-Tst1|Any CPU.Build.0 = Deploy-Tst1|Any CPU
		{4F507416-0D28-481E-9C3E-342B134A85E6}.Local|Any CPU.ActiveCfg = Local|Any CPU
		{4F507416-0D28-481E-9C3E-342B134A85E6}.Local|Any CPU.Build.0 = Local|Any CPU
		{4F507416-0D28-481E-9C3E-342B134A85E6}.Release|Any CPU.ActiveCfg = Release|Any CPU
		{4F507416-0D28-481E-9C3E-342B134A85E6}.Release|Any CPU.Build.0 = Release|Any CPU
		{507FBEB6-D020-4775-8040-D155A2BB383E}.Debug|Any CPU.ActiveCfg = Debug|Any CPU
		{507FBEB6-D020-4775-8040-D155A2BB383E}.Debug|Any CPU.Build.0 = Debug|Any CPU
		{507FBEB6-D020-4775-8040-D155A2BB383E}.Deploy-Dev|Any CPU.ActiveCfg = Debug|Any CPU
		{507FBEB6-D020-4775-8040-D155A2BB383E}.Deploy-Dev|Any CPU.Build.0 = Debug|Any CPU
		{507FBEB6-D020-4775-8040-D155A2BB383E}.Deploy-Prd|Any CPU.ActiveCfg = Release|Any CPU
		{507FBEB6-D020-4775-8040-D155A2BB383E}.Deploy-Prd|Any CPU.Build.0 = Release|Any CPU
		{507FBEB6-D020-4775-8040-D155A2BB383E}.Deploy-Tst|Any CPU.ActiveCfg = Debug|Any CPU
		{507FBEB6-D020-4775-8040-D155A2BB383E}.Deploy-Tst|Any CPU.Build.0 = Debug|Any CPU
		{507FBEB6-D020-4775-8040-D155A2BB383E}.Deploy-Tst1|Any CPU.ActiveCfg = Release|Any CPU
		{507FBEB6-D020-4775-8040-D155A2BB383E}.Deploy-Tst1|Any CPU.Build.0 = Release|Any CPU
		{507FBEB6-D020-4775-8040-D155A2BB383E}.Local|Any CPU.ActiveCfg = Debug|Any CPU
		{507FBEB6-D020-4775-8040-D155A2BB383E}.Local|Any CPU.Build.0 = Debug|Any CPU
		{507FBEB6-D020-4775-8040-D155A2BB383E}.Release|Any CPU.ActiveCfg = Release|Any CPU
		{507FBEB6-D020-4775-8040-D155A2BB383E}.Release|Any CPU.Build.0 = Release|Any CPU
		{B8068003-8564-40A7-ABDB-CCB09FC3394E}.Debug|Any CPU.ActiveCfg = Debug|Any CPU
		{B8068003-8564-40A7-ABDB-CCB09FC3394E}.Debug|Any CPU.Build.0 = Debug|Any CPU
		{B8068003-8564-40A7-ABDB-CCB09FC3394E}.Deploy-Dev|Any CPU.ActiveCfg = Debug|Any CPU
		{B8068003-8564-40A7-ABDB-CCB09FC3394E}.Deploy-Dev|Any CPU.Build.0 = Debug|Any CPU
		{B8068003-8564-40A7-ABDB-CCB09FC3394E}.Deploy-Prd|Any CPU.ActiveCfg = Release|Any CPU
		{B8068003-8564-40A7-ABDB-CCB09FC3394E}.Deploy-Prd|Any CPU.Build.0 = Release|Any CPU
		{B8068003-8564-40A7-ABDB-CCB09FC3394E}.Deploy-Tst|Any CPU.ActiveCfg = Debug|Any CPU
		{B8068003-8564-40A7-ABDB-CCB09FC3394E}.Deploy-Tst|Any CPU.Build.0 = Debug|Any CPU
		{B8068003-8564-40A7-ABDB-CCB09FC3394E}.Deploy-Tst1|Any CPU.ActiveCfg = Release|Any CPU
		{B8068003-8564-40A7-ABDB-CCB09FC3394E}.Deploy-Tst1|Any CPU.Build.0 = Release|Any CPU
		{B8068003-8564-40A7-ABDB-CCB09FC3394E}.Local|Any CPU.ActiveCfg = Debug|Any CPU
		{B8068003-8564-40A7-ABDB-CCB09FC3394E}.Local|Any CPU.Build.0 = Debug|Any CPU
		{B8068003-8564-40A7-ABDB-CCB09FC3394E}.Release|Any CPU.ActiveCfg = Release|Any CPU
		{B8068003-8564-40A7-ABDB-CCB09FC3394E}.Release|Any CPU.Build.0 = Release|Any CPU
		{7329CFC0-D95B-435C-9BF1-BB13C17EAD7D}.Debug|Any CPU.ActiveCfg = Debug|Any CPU
		{7329CFC0-D95B-435C-9BF1-BB13C17EAD7D}.Debug|Any CPU.Build.0 = Debug|Any CPU
		{7329CFC0-D95B-435C-9BF1-BB13C17EAD7D}.Deploy-Dev|Any CPU.ActiveCfg = Debug|Any CPU
		{7329CFC0-D95B-435C-9BF1-BB13C17EAD7D}.Deploy-Dev|Any CPU.Build.0 = Debug|Any CPU
		{7329CFC0-D95B-435C-9BF1-BB13C17EAD7D}.Deploy-Prd|Any CPU.ActiveCfg = Release|Any CPU
		{7329CFC0-D95B-435C-9BF1-BB13C17EAD7D}.Deploy-Prd|Any CPU.Build.0 = Release|Any CPU
		{7329CFC0-D95B-435C-9BF1-BB13C17EAD7D}.Deploy-Tst|Any CPU.ActiveCfg = Debug|Any CPU
		{7329CFC0-D95B-435C-9BF1-BB13C17EAD7D}.Deploy-Tst|Any CPU.Build.0 = Debug|Any CPU
		{7329CFC0-D95B-435C-9BF1-BB13C17EAD7D}.Deploy-Tst1|Any CPU.ActiveCfg = Release|Any CPU
		{7329CFC0-D95B-435C-9BF1-BB13C17EAD7D}.Deploy-Tst1|Any CPU.Build.0 = Release|Any CPU
		{7329CFC0-D95B-435C-9BF1-BB13C17EAD7D}.Local|Any CPU.ActiveCfg = Debug|Any CPU
		{7329CFC0-D95B-435C-9BF1-BB13C17EAD7D}.Local|Any CPU.Build.0 = Debug|Any CPU
		{7329CFC0-D95B-435C-9BF1-BB13C17EAD7D}.Release|Any CPU.ActiveCfg = Release|Any CPU
		{7329CFC0-D95B-435C-9BF1-BB13C17EAD7D}.Release|Any CPU.Build.0 = Release|Any CPU
		{C50E9030-D667-48D4-BEDB-3919719AC793}.Debug|Any CPU.ActiveCfg = Debug|Any CPU
		{C50E9030-D667-48D4-BEDB-3919719AC793}.Debug|Any CPU.Build.0 = Debug|Any CPU
		{C50E9030-D667-48D4-BEDB-3919719AC793}.Deploy-Dev|Any CPU.ActiveCfg = Debug|Any CPU
		{C50E9030-D667-48D4-BEDB-3919719AC793}.Deploy-Dev|Any CPU.Build.0 = Debug|Any CPU
		{C50E9030-D667-48D4-BEDB-3919719AC793}.Deploy-Prd|Any CPU.ActiveCfg = Release|Any CPU
		{C50E9030-D667-48D4-BEDB-3919719AC793}.Deploy-Prd|Any CPU.Build.0 = Release|Any CPU
		{C50E9030-D667-48D4-BEDB-3919719AC793}.Deploy-Tst|Any CPU.ActiveCfg = Debug|Any CPU
		{C50E9030-D667-48D4-BEDB-3919719AC793}.Deploy-Tst|Any CPU.Build.0 = Debug|Any CPU
		{C50E9030-D667-48D4-BEDB-3919719AC793}.Deploy-Tst1|Any CPU.ActiveCfg = Release|Any CPU
		{C50E9030-D667-48D4-BEDB-3919719AC793}.Deploy-Tst1|Any CPU.Build.0 = Release|Any CPU
		{C50E9030-D667-48D4-BEDB-3919719AC793}.Local|Any CPU.ActiveCfg = Debug|Any CPU
		{C50E9030-D667-48D4-BEDB-3919719AC793}.Local|Any CPU.Build.0 = Debug|Any CPU
		{C50E9030-D667-48D4-BEDB-3919719AC793}.Release|Any CPU.ActiveCfg = Release|Any CPU
		{C50E9030-D667-48D4-BEDB-3919719AC793}.Release|Any CPU.Build.0 = Release|Any CPU
		{F5EDE81C-D593-4174-9350-82FE0D860019}.Debug|Any CPU.ActiveCfg = Debug|Any CPU
		{F5EDE81C-D593-4174-9350-82FE0D860019}.Debug|Any CPU.Build.0 = Debug|Any CPU
		{F5EDE81C-D593-4174-9350-82FE0D860019}.Deploy-Dev|Any CPU.ActiveCfg = Debug|Any CPU
		{F5EDE81C-D593-4174-9350-82FE0D860019}.Deploy-Dev|Any CPU.Build.0 = Debug|Any CPU
		{F5EDE81C-D593-4174-9350-82FE0D860019}.Deploy-Prd|Any CPU.ActiveCfg = Release|Any CPU
		{F5EDE81C-D593-4174-9350-82FE0D860019}.Deploy-Prd|Any CPU.Build.0 = Release|Any CPU
		{F5EDE81C-D593-4174-9350-82FE0D860019}.Deploy-Tst|Any CPU.ActiveCfg = Debug|Any CPU
		{F5EDE81C-D593-4174-9350-82FE0D860019}.Deploy-Tst|Any CPU.Build.0 = Debug|Any CPU
		{F5EDE81C-D593-4174-9350-82FE0D860019}.Deploy-Tst1|Any CPU.ActiveCfg = Release|Any CPU
		{F5EDE81C-D593-4174-9350-82FE0D860019}.Deploy-Tst1|Any CPU.Build.0 = Release|Any CPU
		{F5EDE81C-D593-4174-9350-82FE0D860019}.Local|Any CPU.ActiveCfg = Debug|Any CPU
		{F5EDE81C-D593-4174-9350-82FE0D860019}.Local|Any CPU.Build.0 = Debug|Any CPU
		{F5EDE81C-D593-4174-9350-82FE0D860019}.Release|Any CPU.ActiveCfg = Release|Any CPU
		{F5EDE81C-D593-4174-9350-82FE0D860019}.Release|Any CPU.Build.0 = Release|Any CPU
		{2EAC3ADC-E849-426B-B748-17605224AD00}.Debug|Any CPU.ActiveCfg = Debug|Any CPU
		{2EAC3ADC-E849-426B-B748-17605224AD00}.Debug|Any CPU.Build.0 = Debug|Any CPU
		{2EAC3ADC-E849-426B-B748-17605224AD00}.Deploy-Dev|Any CPU.ActiveCfg = Deploy-Dev|Any CPU
		{2EAC3ADC-E849-426B-B748-17605224AD00}.Deploy-Dev|Any CPU.Build.0 = Deploy-Dev|Any CPU
		{2EAC3ADC-E849-426B-B748-17605224AD00}.Deploy-Prd|Any CPU.ActiveCfg = Deploy-Prd|Any CPU
		{2EAC3ADC-E849-426B-B748-17605224AD00}.Deploy-Prd|Any CPU.Build.0 = Deploy-Prd|Any CPU
		{2EAC3ADC-E849-426B-B748-17605224AD00}.Deploy-Tst|Any CPU.ActiveCfg = Deploy-Tst|Any CPU
		{2EAC3ADC-E849-426B-B748-17605224AD00}.Deploy-Tst|Any CPU.Build.0 = Deploy-Tst|Any CPU
		{2EAC3ADC-E849-426B-B748-17605224AD00}.Deploy-Tst1|Any CPU.ActiveCfg = Deploy-Tst1|Any CPU
		{2EAC3ADC-E849-426B-B748-17605224AD00}.Deploy-Tst1|Any CPU.Build.0 = Deploy-Tst1|Any CPU
		{2EAC3ADC-E849-426B-B748-17605224AD00}.Local|Any CPU.ActiveCfg = Local|Any CPU
		{2EAC3ADC-E849-426B-B748-17605224AD00}.Local|Any CPU.Build.0 = Local|Any CPU
		{2EAC3ADC-E849-426B-B748-17605224AD00}.Release|Any CPU.ActiveCfg = Release|Any CPU
		{2EAC3ADC-E849-426B-B748-17605224AD00}.Release|Any CPU.Build.0 = Release|Any CPU
		{2EE7B6FF-14F2-4059-A026-E49DFC673495}.Debug|Any CPU.ActiveCfg = Debug|Any CPU
		{2EE7B6FF-14F2-4059-A026-E49DFC673495}.Debug|Any CPU.Build.0 = Debug|Any CPU
		{2EE7B6FF-14F2-4059-A026-E49DFC673495}.Deploy-Dev|Any CPU.ActiveCfg = Debug|Any CPU
		{2EE7B6FF-14F2-4059-A026-E49DFC673495}.Deploy-Dev|Any CPU.Build.0 = Debug|Any CPU
		{2EE7B6FF-14F2-4059-A026-E49DFC673495}.Deploy-Prd|Any CPU.ActiveCfg = Release|Any CPU
		{2EE7B6FF-14F2-4059-A026-E49DFC673495}.Deploy-Prd|Any CPU.Build.0 = Release|Any CPU
		{2EE7B6FF-14F2-4059-A026-E49DFC673495}.Deploy-Tst|Any CPU.ActiveCfg = Debug|Any CPU
		{2EE7B6FF-14F2-4059-A026-E49DFC673495}.Deploy-Tst|Any CPU.Build.0 = Debug|Any CPU
		{2EE7B6FF-14F2-4059-A026-E49DFC673495}.Deploy-Tst1|Any CPU.ActiveCfg = Release|Any CPU
		{2EE7B6FF-14F2-4059-A026-E49DFC673495}.Deploy-Tst1|Any CPU.Build.0 = Release|Any CPU
		{2EE7B6FF-14F2-4059-A026-E49DFC673495}.Local|Any CPU.ActiveCfg = Debug|Any CPU
		{2EE7B6FF-14F2-4059-A026-E49DFC673495}.Local|Any CPU.Build.0 = Debug|Any CPU
		{2EE7B6FF-14F2-4059-A026-E49DFC673495}.Release|Any CPU.ActiveCfg = Release|Any CPU
		{2EE7B6FF-14F2-4059-A026-E49DFC673495}.Release|Any CPU.Build.0 = Release|Any CPU
		{2DB31A63-B2A0-4BFE-85A3-EB5776D30CEA}.Debug|Any CPU.ActiveCfg = Debug|Any CPU
		{2DB31A63-B2A0-4BFE-85A3-EB5776D30CEA}.Debug|Any CPU.Build.0 = Debug|Any CPU
		{2DB31A63-B2A0-4BFE-85A3-EB5776D30CEA}.Deploy-Dev|Any CPU.ActiveCfg = Debug|Any CPU
		{2DB31A63-B2A0-4BFE-85A3-EB5776D30CEA}.Deploy-Dev|Any CPU.Build.0 = Debug|Any CPU
		{2DB31A63-B2A0-4BFE-85A3-EB5776D30CEA}.Deploy-Prd|Any CPU.ActiveCfg = Release|Any CPU
		{2DB31A63-B2A0-4BFE-85A3-EB5776D30CEA}.Deploy-Prd|Any CPU.Build.0 = Release|Any CPU
		{2DB31A63-B2A0-4BFE-85A3-EB5776D30CEA}.Deploy-Tst|Any CPU.ActiveCfg = Debug|Any CPU
		{2DB31A63-B2A0-4BFE-85A3-EB5776D30CEA}.Deploy-Tst|Any CPU.Build.0 = Debug|Any CPU
		{2DB31A63-B2A0-4BFE-85A3-EB5776D30CEA}.Deploy-Tst1|Any CPU.ActiveCfg = Release|Any CPU
		{2DB31A63-B2A0-4BFE-85A3-EB5776D30CEA}.Deploy-Tst1|Any CPU.Build.0 = Release|Any CPU
		{2DB31A63-B2A0-4BFE-85A3-EB5776D30CEA}.Local|Any CPU.ActiveCfg = Debug|Any CPU
		{2DB31A63-B2A0-4BFE-85A3-EB5776D30CEA}.Local|Any CPU.Build.0 = Debug|Any CPU
		{2DB31A63-B2A0-4BFE-85A3-EB5776D30CEA}.Release|Any CPU.ActiveCfg = Release|Any CPU
		{2DB31A63-B2A0-4BFE-85A3-EB5776D30CEA}.Release|Any CPU.Build.0 = Release|Any CPU
		{DE159D33-A4CA-41D1-8624-9AE8956D2997}.Debug|Any CPU.ActiveCfg = Debug|Any CPU
		{DE159D33-A4CA-41D1-8624-9AE8956D2997}.Debug|Any CPU.Build.0 = Debug|Any CPU
		{DE159D33-A4CA-41D1-8624-9AE8956D2997}.Deploy-Dev|Any CPU.ActiveCfg = Debug|Any CPU
		{DE159D33-A4CA-41D1-8624-9AE8956D2997}.Deploy-Dev|Any CPU.Build.0 = Debug|Any CPU
		{DE159D33-A4CA-41D1-8624-9AE8956D2997}.Deploy-Prd|Any CPU.ActiveCfg = Release|Any CPU
		{DE159D33-A4CA-41D1-8624-9AE8956D2997}.Deploy-Prd|Any CPU.Build.0 = Release|Any CPU
		{DE159D33-A4CA-41D1-8624-9AE8956D2997}.Deploy-Tst|Any CPU.ActiveCfg = Debug|Any CPU
		{DE159D33-A4CA-41D1-8624-9AE8956D2997}.Deploy-Tst|Any CPU.Build.0 = Debug|Any CPU
		{DE159D33-A4CA-41D1-8624-9AE8956D2997}.Deploy-Tst1|Any CPU.ActiveCfg = Release|Any CPU
		{DE159D33-A4CA-41D1-8624-9AE8956D2997}.Deploy-Tst1|Any CPU.Build.0 = Release|Any CPU
		{DE159D33-A4CA-41D1-8624-9AE8956D2997}.Local|Any CPU.ActiveCfg = Debug|Any CPU
		{DE159D33-A4CA-41D1-8624-9AE8956D2997}.Local|Any CPU.Build.0 = Debug|Any CPU
		{DE159D33-A4CA-41D1-8624-9AE8956D2997}.Release|Any CPU.ActiveCfg = Release|Any CPU
		{DE159D33-A4CA-41D1-8624-9AE8956D2997}.Release|Any CPU.Build.0 = Release|Any CPU
		{DB6C8537-3E3B-4C6B-AD01-E07E669A2601}.Debug|Any CPU.ActiveCfg = Debug|Any CPU
		{DB6C8537-3E3B-4C6B-AD01-E07E669A2601}.Debug|Any CPU.Build.0 = Debug|Any CPU
		{DB6C8537-3E3B-4C6B-AD01-E07E669A2601}.Deploy-Dev|Any CPU.ActiveCfg = Debug|Any CPU
		{DB6C8537-3E3B-4C6B-AD01-E07E669A2601}.Deploy-Dev|Any CPU.Build.0 = Debug|Any CPU
		{DB6C8537-3E3B-4C6B-AD01-E07E669A2601}.Deploy-Prd|Any CPU.ActiveCfg = Release|Any CPU
		{DB6C8537-3E3B-4C6B-AD01-E07E669A2601}.Deploy-Prd|Any CPU.Build.0 = Release|Any CPU
		{DB6C8537-3E3B-4C6B-AD01-E07E669A2601}.Deploy-Tst|Any CPU.ActiveCfg = Debug|Any CPU
		{DB6C8537-3E3B-4C6B-AD01-E07E669A2601}.Deploy-Tst|Any CPU.Build.0 = Debug|Any CPU
		{DB6C8537-3E3B-4C6B-AD01-E07E669A2601}.Deploy-Tst1|Any CPU.ActiveCfg = Release|Any CPU
		{DB6C8537-3E3B-4C6B-AD01-E07E669A2601}.Deploy-Tst1|Any CPU.Build.0 = Release|Any CPU
		{DB6C8537-3E3B-4C6B-AD01-E07E669A2601}.Local|Any CPU.ActiveCfg = Debug|Any CPU
		{DB6C8537-3E3B-4C6B-AD01-E07E669A2601}.Local|Any CPU.Build.0 = Debug|Any CPU
		{DB6C8537-3E3B-4C6B-AD01-E07E669A2601}.Release|Any CPU.ActiveCfg = Release|Any CPU
		{DB6C8537-3E3B-4C6B-AD01-E07E669A2601}.Release|Any CPU.Build.0 = Release|Any CPU
		{B7E04B93-085E-4080-A7F7-97C6FB5AA1C6}.Debug|Any CPU.ActiveCfg = Debug|Any CPU
		{B7E04B93-085E-4080-A7F7-97C6FB5AA1C6}.Debug|Any CPU.Build.0 = Debug|Any CPU
		{B7E04B93-085E-4080-A7F7-97C6FB5AA1C6}.Deploy-Dev|Any CPU.ActiveCfg = Debug|Any CPU
		{B7E04B93-085E-4080-A7F7-97C6FB5AA1C6}.Deploy-Dev|Any CPU.Build.0 = Debug|Any CPU
		{B7E04B93-085E-4080-A7F7-97C6FB5AA1C6}.Deploy-Prd|Any CPU.ActiveCfg = Release|Any CPU
		{B7E04B93-085E-4080-A7F7-97C6FB5AA1C6}.Deploy-Prd|Any CPU.Build.0 = Release|Any CPU
		{B7E04B93-085E-4080-A7F7-97C6FB5AA1C6}.Deploy-Tst|Any CPU.ActiveCfg = Debug|Any CPU
		{B7E04B93-085E-4080-A7F7-97C6FB5AA1C6}.Deploy-Tst|Any CPU.Build.0 = Debug|Any CPU
		{B7E04B93-085E-4080-A7F7-97C6FB5AA1C6}.Deploy-Tst1|Any CPU.ActiveCfg = Release|Any CPU
		{B7E04B93-085E-4080-A7F7-97C6FB5AA1C6}.Deploy-Tst1|Any CPU.Build.0 = Release|Any CPU
		{B7E04B93-085E-4080-A7F7-97C6FB5AA1C6}.Local|Any CPU.ActiveCfg = Debug|Any CPU
		{B7E04B93-085E-4080-A7F7-97C6FB5AA1C6}.Local|Any CPU.Build.0 = Debug|Any CPU
		{B7E04B93-085E-4080-A7F7-97C6FB5AA1C6}.Release|Any CPU.ActiveCfg = Release|Any CPU
		{B7E04B93-085E-4080-A7F7-97C6FB5AA1C6}.Release|Any CPU.Build.0 = Release|Any CPU
		{6AA4003F-1660-4478-9939-34319E26D812}.Debug|Any CPU.ActiveCfg = Debug|Any CPU
		{6AA4003F-1660-4478-9939-34319E26D812}.Debug|Any CPU.Build.0 = Debug|Any CPU
		{6AA4003F-1660-4478-9939-34319E26D812}.Deploy-Dev|Any CPU.ActiveCfg = Debug|Any CPU
		{6AA4003F-1660-4478-9939-34319E26D812}.Deploy-Dev|Any CPU.Build.0 = Debug|Any CPU
		{6AA4003F-1660-4478-9939-34319E26D812}.Deploy-Prd|Any CPU.ActiveCfg = Release|Any CPU
		{6AA4003F-1660-4478-9939-34319E26D812}.Deploy-Prd|Any CPU.Build.0 = Release|Any CPU
		{6AA4003F-1660-4478-9939-34319E26D812}.Deploy-Tst|Any CPU.ActiveCfg = Debug|Any CPU
		{6AA4003F-1660-4478-9939-34319E26D812}.Deploy-Tst|Any CPU.Build.0 = Debug|Any CPU
		{6AA4003F-1660-4478-9939-34319E26D812}.Deploy-Tst1|Any CPU.ActiveCfg = Release|Any CPU
		{6AA4003F-1660-4478-9939-34319E26D812}.Deploy-Tst1|Any CPU.Build.0 = Release|Any CPU
		{6AA4003F-1660-4478-9939-34319E26D812}.Local|Any CPU.ActiveCfg = Debug|Any CPU
		{6AA4003F-1660-4478-9939-34319E26D812}.Local|Any CPU.Build.0 = Debug|Any CPU
		{6AA4003F-1660-4478-9939-34319E26D812}.Release|Any CPU.ActiveCfg = Release|Any CPU
		{6AA4003F-1660-4478-9939-34319E26D812}.Release|Any CPU.Build.0 = Release|Any CPU
		{BD78CD65-3EDF-4C45-B952-D2CFFF54AD79}.Debug|Any CPU.ActiveCfg = Debug|Any CPU
		{BD78CD65-3EDF-4C45-B952-D2CFFF54AD79}.Debug|Any CPU.Build.0 = Debug|Any CPU
		{BD78CD65-3EDF-4C45-B952-D2CFFF54AD79}.Deploy-Dev|Any CPU.ActiveCfg = Debug|Any CPU
		{BD78CD65-3EDF-4C45-B952-D2CFFF54AD79}.Deploy-Dev|Any CPU.Build.0 = Debug|Any CPU
		{BD78CD65-3EDF-4C45-B952-D2CFFF54AD79}.Deploy-Prd|Any CPU.ActiveCfg = Release|Any CPU
		{BD78CD65-3EDF-4C45-B952-D2CFFF54AD79}.Deploy-Prd|Any CPU.Build.0 = Release|Any CPU
		{BD78CD65-3EDF-4C45-B952-D2CFFF54AD79}.Deploy-Tst|Any CPU.ActiveCfg = Debug|Any CPU
		{BD78CD65-3EDF-4C45-B952-D2CFFF54AD79}.Deploy-Tst|Any CPU.Build.0 = Debug|Any CPU
		{BD78CD65-3EDF-4C45-B952-D2CFFF54AD79}.Deploy-Tst1|Any CPU.ActiveCfg = Release|Any CPU
		{BD78CD65-3EDF-4C45-B952-D2CFFF54AD79}.Deploy-Tst1|Any CPU.Build.0 = Release|Any CPU
		{BD78CD65-3EDF-4C45-B952-D2CFFF54AD79}.Local|Any CPU.ActiveCfg = Debug|Any CPU
		{BD78CD65-3EDF-4C45-B952-D2CFFF54AD79}.Local|Any CPU.Build.0 = Debug|Any CPU
		{BD78CD65-3EDF-4C45-B952-D2CFFF54AD79}.Release|Any CPU.ActiveCfg = Release|Any CPU
		{BD78CD65-3EDF-4C45-B952-D2CFFF54AD79}.Release|Any CPU.Build.0 = Release|Any CPU
		{357B1A72-C059-41D4-997E-803B653249F5}.Debug|Any CPU.ActiveCfg = Debug|Any CPU
		{357B1A72-C059-41D4-997E-803B653249F5}.Debug|Any CPU.Build.0 = Debug|Any CPU
		{357B1A72-C059-41D4-997E-803B653249F5}.Deploy-Dev|Any CPU.ActiveCfg = Debug|Any CPU
		{357B1A72-C059-41D4-997E-803B653249F5}.Deploy-Dev|Any CPU.Build.0 = Debug|Any CPU
		{357B1A72-C059-41D4-997E-803B653249F5}.Deploy-Prd|Any CPU.ActiveCfg = Release|Any CPU
		{357B1A72-C059-41D4-997E-803B653249F5}.Deploy-Prd|Any CPU.Build.0 = Release|Any CPU
		{357B1A72-C059-41D4-997E-803B653249F5}.Deploy-Tst|Any CPU.ActiveCfg = Debug|Any CPU
		{357B1A72-C059-41D4-997E-803B653249F5}.Deploy-Tst|Any CPU.Build.0 = Debug|Any CPU
		{357B1A72-C059-41D4-997E-803B653249F5}.Deploy-Tst1|Any CPU.ActiveCfg = Release|Any CPU
		{357B1A72-C059-41D4-997E-803B653249F5}.Deploy-Tst1|Any CPU.Build.0 = Release|Any CPU
		{357B1A72-C059-41D4-997E-803B653249F5}.Local|Any CPU.ActiveCfg = Debug|Any CPU
		{357B1A72-C059-41D4-997E-803B653249F5}.Local|Any CPU.Build.0 = Debug|Any CPU
		{357B1A72-C059-41D4-997E-803B653249F5}.Release|Any CPU.ActiveCfg = Release|Any CPU
		{357B1A72-C059-41D4-997E-803B653249F5}.Release|Any CPU.Build.0 = Release|Any CPU
		{BFFE3FC5-FC68-4CD3-91F3-D311E3770401}.Debug|Any CPU.ActiveCfg = Debug|Any CPU
		{BFFE3FC5-FC68-4CD3-91F3-D311E3770401}.Debug|Any CPU.Build.0 = Debug|Any CPU
		{BFFE3FC5-FC68-4CD3-91F3-D311E3770401}.Deploy-Dev|Any CPU.ActiveCfg = Debug|Any CPU
		{BFFE3FC5-FC68-4CD3-91F3-D311E3770401}.Deploy-Dev|Any CPU.Build.0 = Debug|Any CPU
		{BFFE3FC5-FC68-4CD3-91F3-D311E3770401}.Deploy-Prd|Any CPU.ActiveCfg = Release|Any CPU
		{BFFE3FC5-FC68-4CD3-91F3-D311E3770401}.Deploy-Prd|Any CPU.Build.0 = Release|Any CPU
		{BFFE3FC5-FC68-4CD3-91F3-D311E3770401}.Deploy-Tst|Any CPU.ActiveCfg = Debug|Any CPU
		{BFFE3FC5-FC68-4CD3-91F3-D311E3770401}.Deploy-Tst|Any CPU.Build.0 = Debug|Any CPU
		{BFFE3FC5-FC68-4CD3-91F3-D311E3770401}.Deploy-Tst1|Any CPU.ActiveCfg = Release|Any CPU
		{BFFE3FC5-FC68-4CD3-91F3-D311E3770401}.Deploy-Tst1|Any CPU.Build.0 = Release|Any CPU
		{BFFE3FC5-FC68-4CD3-91F3-D311E3770401}.Local|Any CPU.ActiveCfg = Debug|Any CPU
		{BFFE3FC5-FC68-4CD3-91F3-D311E3770401}.Local|Any CPU.Build.0 = Debug|Any CPU
		{BFFE3FC5-FC68-4CD3-91F3-D311E3770401}.Release|Any CPU.ActiveCfg = Release|Any CPU
		{BFFE3FC5-FC68-4CD3-91F3-D311E3770401}.Release|Any CPU.Build.0 = Release|Any CPU
		{8E769358-AFE4-4BBF-89C9-991E6ADC57E3}.Debug|Any CPU.ActiveCfg = Debug|Any CPU
		{8E769358-AFE4-4BBF-89C9-991E6ADC57E3}.Debug|Any CPU.Build.0 = Debug|Any CPU
		{8E769358-AFE4-4BBF-89C9-991E6ADC57E3}.Deploy-Dev|Any CPU.ActiveCfg = Debug|Any CPU
		{8E769358-AFE4-4BBF-89C9-991E6ADC57E3}.Deploy-Dev|Any CPU.Build.0 = Debug|Any CPU
		{8E769358-AFE4-4BBF-89C9-991E6ADC57E3}.Deploy-Prd|Any CPU.ActiveCfg = Release|Any CPU
		{8E769358-AFE4-4BBF-89C9-991E6ADC57E3}.Deploy-Prd|Any CPU.Build.0 = Release|Any CPU
		{8E769358-AFE4-4BBF-89C9-991E6ADC57E3}.Deploy-Tst|Any CPU.ActiveCfg = Debug|Any CPU
		{8E769358-AFE4-4BBF-89C9-991E6ADC57E3}.Deploy-Tst|Any CPU.Build.0 = Debug|Any CPU
		{8E769358-AFE4-4BBF-89C9-991E6ADC57E3}.Deploy-Tst1|Any CPU.ActiveCfg = Release|Any CPU
		{8E769358-AFE4-4BBF-89C9-991E6ADC57E3}.Deploy-Tst1|Any CPU.Build.0 = Release|Any CPU
		{8E769358-AFE4-4BBF-89C9-991E6ADC57E3}.Local|Any CPU.ActiveCfg = Debug|Any CPU
		{8E769358-AFE4-4BBF-89C9-991E6ADC57E3}.Local|Any CPU.Build.0 = Debug|Any CPU
		{8E769358-AFE4-4BBF-89C9-991E6ADC57E3}.Release|Any CPU.ActiveCfg = Release|Any CPU
		{8E769358-AFE4-4BBF-89C9-991E6ADC57E3}.Release|Any CPU.Build.0 = Release|Any CPU
		{CAC2670B-99E3-46F7-BECC-70CF4706F469}.Debug|Any CPU.ActiveCfg = Debug|Any CPU
		{CAC2670B-99E3-46F7-BECC-70CF4706F469}.Debug|Any CPU.Build.0 = Debug|Any CPU
		{CAC2670B-99E3-46F7-BECC-70CF4706F469}.Deploy-Dev|Any CPU.ActiveCfg = Debug|Any CPU
		{CAC2670B-99E3-46F7-BECC-70CF4706F469}.Deploy-Dev|Any CPU.Build.0 = Debug|Any CPU
		{CAC2670B-99E3-46F7-BECC-70CF4706F469}.Deploy-Prd|Any CPU.ActiveCfg = Release|Any CPU
		{CAC2670B-99E3-46F7-BECC-70CF4706F469}.Deploy-Prd|Any CPU.Build.0 = Release|Any CPU
		{CAC2670B-99E3-46F7-BECC-70CF4706F469}.Deploy-Tst|Any CPU.ActiveCfg = Debug|Any CPU
		{CAC2670B-99E3-46F7-BECC-70CF4706F469}.Deploy-Tst|Any CPU.Build.0 = Debug|Any CPU
		{CAC2670B-99E3-46F7-BECC-70CF4706F469}.Deploy-Tst1|Any CPU.ActiveCfg = Release|Any CPU
		{CAC2670B-99E3-46F7-BECC-70CF4706F469}.Deploy-Tst1|Any CPU.Build.0 = Release|Any CPU
		{CAC2670B-99E3-46F7-BECC-70CF4706F469}.Local|Any CPU.ActiveCfg = Debug|Any CPU
		{CAC2670B-99E3-46F7-BECC-70CF4706F469}.Local|Any CPU.Build.0 = Debug|Any CPU
		{CAC2670B-99E3-46F7-BECC-70CF4706F469}.Release|Any CPU.ActiveCfg = Release|Any CPU
		{CAC2670B-99E3-46F7-BECC-70CF4706F469}.Release|Any CPU.Build.0 = Release|Any CPU
		{CF5ECB7E-D17C-4908-9D6F-7D5D27CB6BD2}.Debug|Any CPU.ActiveCfg = Debug|Any CPU
		{CF5ECB7E-D17C-4908-9D6F-7D5D27CB6BD2}.Debug|Any CPU.Build.0 = Debug|Any CPU
		{CF5ECB7E-D17C-4908-9D6F-7D5D27CB6BD2}.Deploy-Dev|Any CPU.ActiveCfg = Debug|Any CPU
		{CF5ECB7E-D17C-4908-9D6F-7D5D27CB6BD2}.Deploy-Dev|Any CPU.Build.0 = Debug|Any CPU
		{CF5ECB7E-D17C-4908-9D6F-7D5D27CB6BD2}.Deploy-Prd|Any CPU.ActiveCfg = Release|Any CPU
		{CF5ECB7E-D17C-4908-9D6F-7D5D27CB6BD2}.Deploy-Prd|Any CPU.Build.0 = Release|Any CPU
		{CF5ECB7E-D17C-4908-9D6F-7D5D27CB6BD2}.Deploy-Tst|Any CPU.ActiveCfg = Debug|Any CPU
		{CF5ECB7E-D17C-4908-9D6F-7D5D27CB6BD2}.Deploy-Tst|Any CPU.Build.0 = Debug|Any CPU
		{CF5ECB7E-D17C-4908-9D6F-7D5D27CB6BD2}.Deploy-Tst1|Any CPU.ActiveCfg = Debug|Any CPU
		{CF5ECB7E-D17C-4908-9D6F-7D5D27CB6BD2}.Deploy-Tst1|Any CPU.Build.0 = Debug|Any CPU
		{CF5ECB7E-D17C-4908-9D6F-7D5D27CB6BD2}.Local|Any CPU.ActiveCfg = Debug|Any CPU
		{CF5ECB7E-D17C-4908-9D6F-7D5D27CB6BD2}.Local|Any CPU.Build.0 = Debug|Any CPU
		{CF5ECB7E-D17C-4908-9D6F-7D5D27CB6BD2}.Release|Any CPU.ActiveCfg = Release|Any CPU
		{CF5ECB7E-D17C-4908-9D6F-7D5D27CB6BD2}.Release|Any CPU.Build.0 = Release|Any CPU
		{059B5BBF-B5E4-4422-9307-8DF17B5F2B99}.Debug|Any CPU.ActiveCfg = Debug|Any CPU
		{059B5BBF-B5E4-4422-9307-8DF17B5F2B99}.Debug|Any CPU.Build.0 = Debug|Any CPU
		{059B5BBF-B5E4-4422-9307-8DF17B5F2B99}.Deploy-Dev|Any CPU.ActiveCfg = Deploy-Dev|Any CPU
		{059B5BBF-B5E4-4422-9307-8DF17B5F2B99}.Deploy-Dev|Any CPU.Build.0 = Deploy-Dev|Any CPU
		{059B5BBF-B5E4-4422-9307-8DF17B5F2B99}.Deploy-Prd|Any CPU.ActiveCfg = Deploy-Prd|Any CPU
		{059B5BBF-B5E4-4422-9307-8DF17B5F2B99}.Deploy-Prd|Any CPU.Build.0 = Deploy-Prd|Any CPU
		{059B5BBF-B5E4-4422-9307-8DF17B5F2B99}.Deploy-Tst|Any CPU.ActiveCfg = Debug|Any CPU
		{059B5BBF-B5E4-4422-9307-8DF17B5F2B99}.Deploy-Tst|Any CPU.Build.0 = Debug|Any CPU
		{059B5BBF-B5E4-4422-9307-8DF17B5F2B99}.Deploy-Tst1|Any CPU.ActiveCfg = Deploy-Tst1|Any CPU
		{059B5BBF-B5E4-4422-9307-8DF17B5F2B99}.Deploy-Tst1|Any CPU.Build.0 = Deploy-Tst1|Any CPU
		{059B5BBF-B5E4-4422-9307-8DF17B5F2B99}.Local|Any CPU.ActiveCfg = Local|Any CPU
		{059B5BBF-B5E4-4422-9307-8DF17B5F2B99}.Local|Any CPU.Build.0 = Local|Any CPU
		{059B5BBF-B5E4-4422-9307-8DF17B5F2B99}.Release|Any CPU.ActiveCfg = Release|Any CPU
		{059B5BBF-B5E4-4422-9307-8DF17B5F2B99}.Release|Any CPU.Build.0 = Release|Any CPU
		{BBDD3C8B-5C44-41E6-8366-A72164B70519}.Debug|Any CPU.ActiveCfg = Debug|Any CPU
		{BBDD3C8B-5C44-41E6-8366-A72164B70519}.Debug|Any CPU.Build.0 = Debug|Any CPU
		{BBDD3C8B-5C44-41E6-8366-A72164B70519}.Deploy-Dev|Any CPU.ActiveCfg = Debug|Any CPU
		{BBDD3C8B-5C44-41E6-8366-A72164B70519}.Deploy-Dev|Any CPU.Build.0 = Debug|Any CPU
		{BBDD3C8B-5C44-41E6-8366-A72164B70519}.Deploy-Prd|Any CPU.ActiveCfg = Release|Any CPU
		{BBDD3C8B-5C44-41E6-8366-A72164B70519}.Deploy-Prd|Any CPU.Build.0 = Release|Any CPU
		{BBDD3C8B-5C44-41E6-8366-A72164B70519}.Deploy-Tst|Any CPU.ActiveCfg = Debug|Any CPU
		{BBDD3C8B-5C44-41E6-8366-A72164B70519}.Deploy-Tst|Any CPU.Build.0 = Debug|Any CPU
		{BBDD3C8B-5C44-41E6-8366-A72164B70519}.Deploy-Tst1|Any CPU.ActiveCfg = Release|Any CPU
		{BBDD3C8B-5C44-41E6-8366-A72164B70519}.Deploy-Tst1|Any CPU.Build.0 = Release|Any CPU
		{BBDD3C8B-5C44-41E6-8366-A72164B70519}.Local|Any CPU.ActiveCfg = Debug|Any CPU
		{BBDD3C8B-5C44-41E6-8366-A72164B70519}.Local|Any CPU.Build.0 = Debug|Any CPU
		{BBDD3C8B-5C44-41E6-8366-A72164B70519}.Release|Any CPU.ActiveCfg = Release|Any CPU
		{BBDD3C8B-5C44-41E6-8366-A72164B70519}.Release|Any CPU.Build.0 = Release|Any CPU
	EndGlobalSection
	GlobalSection(SolutionProperties) = preSolution
		HideSolutionNode = FALSE
	EndGlobalSection
	GlobalSection(NestedProjects) = preSolution
		{4F507416-0D28-481E-9C3E-342B134A85E6} = {792AA2C0-38C4-4D18-BA64-876DB40D7691}
		{C50E9030-D667-48D4-BEDB-3919719AC793} = {C6F9E339-5859-4EA8-B62C-6174479889EC}
		{F5EDE81C-D593-4174-9350-82FE0D860019} = {C6F9E339-5859-4EA8-B62C-6174479889EC}
		{2EAC3ADC-E849-426B-B748-17605224AD00} = {C49B4AB0-560E-4CC5-A48C-1D1EE6FB9A67}
		{2EE7B6FF-14F2-4059-A026-E49DFC673495} = {C49B4AB0-560E-4CC5-A48C-1D1EE6FB9A67}
		{2DB31A63-B2A0-4BFE-85A3-EB5776D30CEA} = {792AA2C0-38C4-4D18-BA64-876DB40D7691}
		{DE159D33-A4CA-41D1-8624-9AE8956D2997} = {792AA2C0-38C4-4D18-BA64-876DB40D7691}
		{B7E04B93-085E-4080-A7F7-97C6FB5AA1C6} = {D2EBF5FB-74DF-40F5-983A-43749EB9A94A}
		{6AA4003F-1660-4478-9939-34319E26D812} = {D2EBF5FB-74DF-40F5-983A-43749EB9A94A}
		{BD78CD65-3EDF-4C45-B952-D2CFFF54AD79} = {C49B4AB0-560E-4CC5-A48C-1D1EE6FB9A67}
		{BFFE3FC5-FC68-4CD3-91F3-D311E3770401} = {C6F9E339-5859-4EA8-B62C-6174479889EC}
		{CAC2670B-99E3-46F7-BECC-70CF4706F469} = {C49B4AB0-560E-4CC5-A48C-1D1EE6FB9A67}
		{CF5ECB7E-D17C-4908-9D6F-7D5D27CB6BD2} = {792AA2C0-38C4-4D18-BA64-876DB40D7691}
		{059B5BBF-B5E4-4422-9307-8DF17B5F2B99} = {D2EBF5FB-74DF-40F5-983A-43749EB9A94A}
		{BBDD3C8B-5C44-41E6-8366-A72164B70519} = {D2EBF5FB-74DF-40F5-983A-43749EB9A94A}
	EndGlobalSection
	GlobalSection(ExtensibilityGlobals) = postSolution
		EnterpriseLibraryConfigurationToolBinariesPath = packages\Unity.2.1.505.0\lib\NET35;packages\TransientFaultHandling.Core.5.1.1209.1\lib\NET4
	EndGlobalSection
EndGlobal
